
Microsoft Visual Studio Solution File, Format Version 12.00
# Visual Studio Version 17
VisualStudioVersion = 17.5.002.0
MinimumVisualStudioVersion = 10.0.40219.1
Project("{9A19103F-16F7-4668-BE54-9A1E7A4F7556}") = "AzureVisionCaptionDemo", "AzureVisionCaptionDemo.csproj", "{B3E541BF-3823-41FD-A7FB-81DCAE7B308A}"
EndProject
Global
	GlobalSection(SolutionConfigurationPlatforms) = preSolution
		Debug|Any CPU = Debug|Any CPU
		Release|Any CPU = Release|Any CPU
	EndGlobalSection
	GlobalSection(ProjectConfigurationPlatforms) = postSolution
		{B3E541BF-3823-41FD-A7FB-81DCAE7B308A}.Debug|Any CPU.ActiveCfg = Debug|Any CPU
		{B3E541BF-3823-41FD-A7FB-81DCAE7B308A}.Debug|Any CPU.Build.0 = Debug|Any CPU
		{B3E541BF-3823-41FD-A7FB-81DCAE7B308A}.Release|Any CPU.ActiveCfg = Release|Any CPU
		{B3E541BF-3823-41FD-A7FB-81DCAE7B308A}.Release|Any CPU.Build.0 = Release|Any CPU
	EndGlobalSection
	GlobalSection(SolutionProperties) = preSolution
		HideSolutionNode = FALSE
	EndGlobalSection
	GlobalSection(ExtensibilityGlobals) = postSolution
		SolutionGuid = {757DC5C2-D3C3-45F6-9EA8-48A006143302}
	EndGlobalSection
EndGlobal
